<?xml version="1.0" encoding="UTF-8"?>
<!DOCTYPE plist PUBLIC "-//Apple//DTD PLIST 1.0//EN" "http://www.apple.com/DTDs/PropertyList-1.0.dtd">
<plist version="1.0">
<dict>
	<key>archiveVersion</key>
	<string>1</string>
	<key>classes</key>
	<dict/>
	<key>objectVersion</key>
	<string>77</string>
	<key>objects</key>
	<dict>
		<key>0727652BA5A1CDD852F7A16E</key>
		<dict>
			<key>fileRef</key>
			<string>C098F18DB41AA040B515CCF4</string>
			<key>isa</key>
			<string>PBXBuildFile</string>
		</dict>
		<key>09E0E5A35EA80A75BF8DEF34</key>
		<dict>
			<key>isa</key>
			<string>PBXFileReference</string>
			<key>lastKnownFileType</key>
			<string>sourcecode.swift</string>
			<key>path</key>
			<string>Sources/ContentView.swift</string>
			<key>sourceTree</key>
			<string>"&lt;group&gt;"</string>
		</dict>
		<key>09F81344D82478BB404B2F11</key>
		<dict>
			<key>isa</key>
			<string>PBXFileReference</string>
			<key>lastKnownFileType</key>
			<string>sourcecode.swift</string>
			<key>path</key>
			<string>Sources/HapticEngine.swift</string>
			<key>sourceTree</key>
			<string>"&lt;group&gt;"</string>
		</dict>
		<key>0E2C2D148CD03FDE80E5926A</key>
		<dict>
			<key>children</key>
			<array>
				<string>ADDD8148CD98403B4261E68F</string>
				<string>09E0E5A35EA80A75BF8DEF34</string>
				<string>B20BB5AEE21EBAE281A03BA6</string>
				<string>36F6CC56774AF93349BE6198</string>
				<string>CE48F0BFB0FEE3B01A00F29C</string>
				<string>B89CC05BC31DEB51001326FF</string>
				<string>AAE3D8A66F74A40C779623CA</string>
				<string>B8920565B0880BE80B674A5E</string>
			</array>
			<key>isa</key>
			<string>PBXGroup</string>
			<key>name</key>
			<string>Sources</string>
		</dict>
		<key>36F6CC56774AF93349BE6198</key>
		<dict>
			<key>isa</key>
			<string>PBXFileReference</string>
			<key>lastKnownFileType</key>
			<string>sourcecode.swift</string>
			<key>path</key>
			<string>Sources/ModelViewport.swift</string>
			<key>sourceTree</key>
			<string>"&lt;group&gt;"</string>
		</dict>
		<key>5F2A07D49A46BD9A9695269F</key>
		<dict>
			<key>fileRef</key>
			<string>09F81344D82478BB404B2F11</string>
			<key>isa</key>
			<string>PBXBuildFile</string>
		</dict>
		<key>682E00412DEFA4C3003F1F36</key>
		<dict>
			<key>isa</key>
			<string>PBXFileReference</string>
			<key>lastKnownFileType</key>
			<string>sourcecode.c.h</string>
			<key>name</key>
			<string>ShaderTypes.h</string>
			<key>path</key>
			<string>../../../../MultiPlatform/Application/Compositor Services.xctemplate/ShaderTypes.h</string>
			<key>sourceTree</key>
			<string>SOURCE_ROOT</string>
		</dict>
		<key>682E00442DEFA4D0003F1F36</key>
		<dict>
			<key>children</key>
			<array>
				<string>682E003B2DEFA49E003F1F36</string>
				<string>682E003C2DEFA49E003F1F36</string>
				<string>682E003F2DEFA4C3003F1F36</string>
				<string>682E00402DEFA4C3003F1F36</string>
				<string>682E00412DEFA4C3003F1F36</string>
			</array>
			<key>isa</key>
			<string>PBXGroup</string>
			<key>name</key>
			<string>Reference Files</string>
			<key>sourceTree</key>
			<string>&lt;group&gt;</string>
		</dict>
		<key>682E00452DEFA4E2003F1F36</key>
		<dict>
			<key>children</key>
			<array>
				<string>683D3E592DEFAE8C00C71907</string>
				<string>682E00492DEFA5CC003F1F36</string>
				<string>682E00482DEFA542003F1F36</string>
				<string>682E004A2DEFA5CC003F1F36</string>
				<string>682E004F2DEFA5EA003F1F36</string>
				<string>682E004E2DEFA5EA003F1F36</string>
				<string>682E00502DEFA5EA003F1F36</string>
				<string>682E00522DEFA5FD003F1F36</string>
				<string>682E00512DEFA5FD003F1F36</string>
				<string>682E00532DEFA5FD003F1F36</string>
				<string>682E00552DEFA5FD003F1F36</string>
				<string>682E00542DEFA5FD003F1F36</string>
				<string>682E00562DEFA5FD003F1F36</string>
				<string>689A0C342DFCD05C00844A09</string>
				<string>689A0C352DFCD05D00844A09</string>
				<string>689A0C372DFCD0A700844A09</string>
				<string>689A0C362DFCD05E00844A09</string>
				<string>B5618D4C73F5589C19DB2591</string>
				<string>C098F18DB41AA040B515CCF4</string>
				<string>09F81344D82478BB404B2F11</string>
			</array>
			<key>isa</key>
			<string>PBXGroup</string>
			<key>path</key>
			<string>xcconfig</string>
			<key>sourceTree</key>
			<string>&lt;group&gt;</string>
		</dict>
		<key>682E00482DEFA542003F1F36</key>
		<dict>
			<key>isa</key>
			<string>PBXFileReference</string>
			<key>lastKnownFileType</key>
			<string>text.xcconfig</string>
			<key>path</key>
			<string>Volume-MTL3-Mixed.xcconfig</string>
			<key>sourceTree</key>
			<string>&lt;group&gt;</string>
		</dict>
		<key>682E00492DEFA5CC003F1F36</key>
		<dict>
			<key>isa</key>
			<string>PBXFileReference</string>
			<key>lastKnownFileType</key>
			<string>text.xcconfig</string>
			<key>path</key>
			<string>Volume-MTL3-Full.xcconfig</string>
			<key>sourceTree</key>
			<string>&lt;group&gt;</string>
		</dict>
		<key>682E004A2DEFA5CC003F1F36</key>
		<dict>
			<key>isa</key>
			<string>PBXFileReference</string>
			<key>lastKnownFileType</key>
			<string>text.xcconfig</string>
			<key>path</key>
			<string>Volume-MTL3-Progressive.xcconfig</string>
			<key>sourceTree</key>
			<string>&lt;group&gt;</string>
		</dict>
		<key>682E004E2DEFA5EA003F1F36</key>
		<dict>
			<key>isa</key>
			<string>PBXFileReference</string>
			<key>lastKnownFileType</key>
			<string>text.xcconfig</string>
			<key>path</key>
			<string>Volume-MTL4-Mixed.xcconfig</string>
			<key>sourceTree</key>
			<string>&lt;group&gt;</string>
		</dict>
		<key>682E004F2DEFA5EA003F1F36</key>
		<dict>
			<key>isa</key>
			<string>PBXFileReference</string>
			<key>lastKnownFileType</key>
			<string>text.xcconfig</string>
			<key>path</key>
			<string>Volume-MTL4-Full.xcconfig</string>
			<key>sourceTree</key>
			<string>&lt;group&gt;</string>
		</dict>
		<key>682E00502DEFA5EA003F1F36</key>
		<dict>
			<key>isa</key>
			<string>PBXFileReference</string>
			<key>lastKnownFileType</key>
			<string>text.xcconfig</string>
			<key>path</key>
			<string>Volume-MTL4-Progressive.xcconfig</string>
			<key>sourceTree</key>
			<string>&lt;group&gt;</string>
		</dict>
		<key>682E00512DEFA5FD003F1F36</key>
		<dict>
			<key>isa</key>
			<string>PBXFileReference</string>
			<key>lastKnownFileType</key>
			<string>text.xcconfig</string>
			<key>path</key>
			<string>Window-MTL3-Mixed.xcconfig</string>
			<key>sourceTree</key>
			<string>&lt;group&gt;</string>
		</dict>
		<key>682E00522DEFA5FD003F1F36</key>
		<dict>
			<key>isa</key>
			<string>PBXFileReference</string>
			<key>lastKnownFileType</key>
			<string>text.xcconfig</string>
			<key>path</key>
			<string>Window-MTL3-Full.xcconfig</string>
			<key>sourceTree</key>
			<string>&lt;group&gt;</string>
		</dict>
		<key>682E00532DEFA5FD003F1F36</key>
		<dict>
			<key>isa</key>
			<string>PBXFileReference</string>
			<key>lastKnownFileType</key>
			<string>text.xcconfig</string>
			<key>path</key>
			<string>Window-MTL3-Progressive.xcconfig</string>
			<key>sourceTree</key>
			<string>&lt;group&gt;</string>
		</dict>
		<key>682E00542DEFA5FD003F1F36</key>
		<dict>
			<key>isa</key>
			<string>PBXFileReference</string>
			<key>lastKnownFileType</key>
			<string>text.xcconfig</string>
			<key>path</key>
			<string>Window-MTL4-Mixed.xcconfig</string>
			<key>sourceTree</key>
			<string>&lt;group&gt;</string>
		</dict>
		<key>682E00552DEFA5FD003F1F36</key>
		<dict>
			<key>isa</key>
			<string>PBXFileReference</string>
			<key>lastKnownFileType</key>
			<string>text.xcconfig</string>
			<key>path</key>
			<string>Window-MTL4-Full.xcconfig</string>
			<key>sourceTree</key>
			<string>&lt;group&gt;</string>
		</dict>
		<key>682E00562DEFA5FD003F1F36</key>
		<dict>
			<key>isa</key>
			<string>PBXFileReference</string>
			<key>lastKnownFileType</key>
			<string>text.xcconfig</string>
			<key>path</key>
			<string>Window-MTL4-Progressive.xcconfig</string>
			<key>sourceTree</key>
			<string>&lt;group&gt;</string>
		</dict>
		<key>683D3DBB2DEFAD9F00C71907</key>
		<dict>
			<key>buildConfigurationList</key>
			<string>683D3DBE2DEFAD9F00C71907</string>
			<key>buildPhases</key>
			<array/>
			<key>dependencies</key>
			<array/>
			<key>isa</key>
			<string>PBXAggregateTarget</string>
			<key>name</key>
			<string>Everything</string>
			<key>packageProductDependencies</key>
			<array/>
			<key>productName</key>
			<string>Everything</string>
		</dict>
		<key>683D3DBC2DEFAD9F00C71907</key>
		<dict>
			<key>buildSettings</key>
			<dict>
				<key>CODE_SIGN_STYLE</key>
				<string>Automatic</string>
				<key>PRODUCT_NAME</key>
				<string>$(TARGET_NAME)</string>
			</dict>
			<key>isa</key>
			<string>XCBuildConfiguration</string>
			<key>name</key>
			<string>Debug</string>
		</dict>
		<key>683D3DBD2DEFAD9F00C71907</key>
		<dict>
			<key>buildSettings</key>
			<dict>
				<key>CODE_SIGN_STYLE</key>
				<string>Automatic</string>
				<key>PRODUCT_NAME</key>
				<string>$(TARGET_NAME)</string>
			</dict>
			<key>isa</key>
			<string>XCBuildConfiguration</string>
			<key>name</key>
			<string>Release</string>
		</dict>
		<key>683D3DBE2DEFAD9F00C71907</key>
		<dict>
			<key>buildConfigurations</key>
			<array>
				<string>683D3DBC2DEFAD9F00C71907</string>
				<string>683D3DBD2DEFAD9F00C71907</string>
			</array>
			<key>defaultConfigurationIsVisible</key>
			<string>0</string>
			<key>defaultConfigurationName</key>
			<string>Release</string>
			<key>isa</key>
			<string>XCConfigurationList</string>
		</dict>
		<key>683D3E052DEFADAA00C71907</key>
		<dict>
			<key>buildConfigurationList</key>
			<string>683D3E0E2DEFADAA00C71907</string>
			<key>buildPhases</key>
			<array>
				<string>683D3E062DEFADAA00C71907</string>
				<string>683D3E0A2DEFADAA00C71907</string>
				<string>683D3E0B2DEFADAA00C71907</string>
				<string>683D52292DEFDA6400C71907</string>
			</array>
			<key>buildRules</key>
			<array/>
			<key>dependencies</key>
			<array/>
			<key>isa</key>
			<string>PBXNativeTarget</string>
			<key>name</key>
			<string>VPViewer</string>
			<key>packageProductDependencies</key>
			<array/>
			<key>productName</key>
			<string>VPViewer</string>
			<key>productReference</key>
			<string>683D3E112DEFADAA00C71907</string>
			<key>productType</key>
			<string>com.apple.product-type.application</string>
		</dict>
		<key>683D3E062DEFADAA00C71907</key>
		<dict>
			<key>buildActionMask</key>
			<string>2147483647</string>
			<key>files</key>
			<array>
				<string>683D3E072DEFADAA00C71907</string>
				<string>683D3E082DEFADAA00C71907</string>
				<string>683D3E092DEFADAA00C71907</string>
				<string>DE784D00FBED83CC695F725A</string>
				<string>7B378BC44A7303C4DB300704</string>
				<string>936B9347374C41A420D4173A</string>
				<string>F1598DD1B9EAC56976D97F28</string>
				<string>0727652BA5A1CDD852F7A16E</string>
				<string>5F2A07D49A46BD9A9695269F</string>
			</array>
			<key>isa</key>
			<string>PBXSourcesBuildPhase</string>
			<key>runOnlyForDeploymentPostprocessing</key>
			<string>0</string>
		</dict>
		<key>683D3E072DEFADAA00C71907</key>
		<dict>
			<key>fileRef</key>
			<string>682E00402DEFA4C3003F1F36</string>
			<key>isa</key>
			<string>PBXBuildFile</string>
		</dict>
		<key>683D3E082DEFADAA00C71907</key>
		<dict>
			<key>fileRef</key>
			<string>682E003B2DEFA49E003F1F36</string>
			<key>isa</key>
			<string>PBXBuildFile</string>
		</dict>
		<key>683D3E092DEFADAA00C71907</key>
		<dict>
			<key>fileRef</key>
			<string>682E003C2DEFA49E003F1F36</string>
			<key>isa</key>
			<string>PBXBuildFile</string>
		</dict>
		<key>683D3E0A2DEFADAA00C71907</key>
		<dict>
			<key>buildActionMask</key>
			<string>2147483647</string>
			<key>files</key>
			<array/>
			<key>isa</key>
			<string>PBXFrameworksBuildPhase</string>
			<key>runOnlyForDeploymentPostprocessing</key>
			<string>0</string>
		</dict>
		<key>683D3E0B2DEFADAA00C71907</key>
		<dict>
			<key>buildActionMask</key>
			<string>2147483647</string>
			<key>files</key>
			<array>
				<string>683D3E0C2DEFADAA00C71907</string>
				<string>683D3E0D2DEFADAA00C71907</string>
			</array>
			<key>isa</key>
			<string>PBXResourcesBuildPhase</string>
			<key>runOnlyForDeploymentPostprocessing</key>
			<string>0</string>
		</dict>
		<key>683D3E0C2DEFADAA00C71907</key>
		<dict>
			<key>fileRef</key>
			<string>682E003F2DEFA4C3003F1F36</string>
			<key>isa</key>
			<string>PBXBuildFile</string>
		</dict>
		<key>683D3E0D2DEFADAA00C71907</key>
		<dict>
			<key>fileRef</key>
			<string>6840BE002DEFA31B00AE2B5D</string>
			<key>isa</key>
			<string>PBXBuildFile</string>
		</dict>
		<key>683D3E0E2DEFADAA00C71907</key>
		<dict>
			<key>buildConfigurations</key>
			<array>
				<string>683D3E0F2DEFADAA00C71907</string>
				<string>683D3E102DEFADAA00C71907</string>
			</array>
			<key>defaultConfigurationIsVisible</key>
			<string>0</string>
			<key>defaultConfigurationName</key>
			<string>Release</string>
			<key>isa</key>
			<string>XCConfigurationList</string>
			<key>name</key>
			<string>"Build configuration list for PBXNativeTarget \"VPViewer\""</string>
		</dict>
		<key>683D3E0F2DEFADAA00C71907</key>
		<dict>
			<key>buildSettings</key>
			<dict>
				<key>ASSETCATALOG_COMPILER_APPICON_NAME</key>
				<string>AppIcon</string>
				<key>ASSETCATALOG_COMPILER_GLOBAL_ACCENT_COLOR_NAME</key>
				<string>AccentColor</string>
				<key>CODE_SIGN_STYLE</key>
				<string>Automatic</string>
				<key>CURRENT_PROJECT_VERSION</key>
				<string>1</string>
				<key>ENABLE_PREVIEWS</key>
				<string>YES</string>
				<key>EXECUTABLE_NAME</key>
				<string>"$(TARGET_NAME)"</string>
				<key>GENERATE_INFOPLIST_FILE</key>
				<string>NO</string>
				<key>INFOPLIST_FILE</key>
				<string>Info.plist</string>
				<key>IPHONEOS_DEPLOYMENT_TARGET</key>
				<string>2.0</string>
				<key>LD_RUNPATH_SEARCH_PATHS</key>
				<string>("$(inherited)", "@executable_path/Frameworks")</string>
				<key>MARKETING_VERSION</key>
				<string>1.0</string>
				<key>PRODUCT_BUNDLE_IDENTIFIER</key>
				<string>"com.patrick.vpviewer"</string>
				<key>PRODUCT_NAME</key>
				<string>"$(TARGET_NAME)"</string>
				<key>SDKROOT</key>
				<string>xros</string>
				<key>STRING_CATALOG_GENERATE_SYMBOLS</key>
				<string>YES</string>
				<key>SUPPORTED_PLATFORMS</key>
				<string>"xros xrsimulator"</string>
				<key>SWIFT_DEFAULT_ACTOR_ISOLATION</key>
				<string>MainActor</string>
				<key>SWIFT_EMIT_LOC_STRINGS</key>
				<string>YES</string>
				<key>SWIFT_UPCOMING_FEATURE_MEMBER_IMPORT_VISIBILITY</key>
				<string>YES</string>
				<key>SWIFT_VERSION</key>
				<string>5.0</string>
				<key>TARGETED_DEVICE_FAMILY</key>
				<string>7</string>
			</dict>
			<key>isa</key>
			<string>XCBuildConfiguration</string>
			<key>name</key>
			<string>Debug</string>
		</dict>
		<key>683D3E102DEFADAA00C71907</key>
		<dict>
			<key>buildSettings</key>
			<dict>
				<key>ASSETCATALOG_COMPILER_APPICON_NAME</key>
				<string>AppIcon</string>
				<key>ASSETCATALOG_COMPILER_GLOBAL_ACCENT_COLOR_NAME</key>
				<string>AccentColor</string>
				<key>CODE_SIGN_STYLE</key>
				<string>Automatic</string>
				<key>CURRENT_PROJECT_VERSION</key>
				<string>1</string>
				<key>ENABLE_PREVIEWS</key>
				<string>YES</string>
				<key>EXECUTABLE_NAME</key>
				<string>"$(TARGET_NAME)"</string>
				<key>GENERATE_INFOPLIST_FILE</key>
				<string>NO</string>
				<key>INFOPLIST_FILE</key>
				<string>Info.plist</string>
				<key>IPHONEOS_DEPLOYMENT_TARGET</key>
				<string>2.0</string>
				<key>LD_RUNPATH_SEARCH_PATHS</key>
				<string>("$(inherited)", "@executable_path/Frameworks")</string>
				<key>MARKETING_VERSION</key>
				<string>1.0</string>
				<key>PRODUCT_BUNDLE_IDENTIFIER</key>
				<string>"com.patrick.vpviewer"</string>
				<key>PRODUCT_NAME</key>
				<string>"$(TARGET_NAME)"</string>
				<key>SDKROOT</key>
				<string>xros</string>
				<key>STRING_CATALOG_GENERATE_SYMBOLS</key>
				<string>YES</string>
				<key>SUPPORTED_PLATFORMS</key>
				<string>"xros xrsimulator"</string>
				<key>SWIFT_DEFAULT_ACTOR_ISOLATION</key>
				<string>MainActor</string>
				<key>SWIFT_EMIT_LOC_STRINGS</key>
				<string>YES</string>
				<key>SWIFT_UPCOMING_FEATURE_MEMBER_IMPORT_VISIBILITY</key>
				<string>YES</string>
				<key>SWIFT_VERSION</key>
				<string>5.0</string>
				<key>TARGETED_DEVICE_FAMILY</key>
				<string>7</string>
			</dict>
			<key>isa</key>
			<string>XCBuildConfiguration</string>
			<key>name</key>
			<string>Release</string>
		</dict>
		<key>683D3E112DEFADAA00C71907</key>
		<dict>
			<key>explicitFileType</key>
			<string>wrapper.application</string>
			<key>includeInIndex</key>
			<string>0</string>
			<key>isa</key>
			<string>PBXFileReference</string>
			<key>name</key>
			<string>VPViewer.app</string>
			<key>path</key>
			<string>VPViewer.app</string>
			<key>sourceTree</key>
			<string>BUILT_PRODUCTS_DIR</string>
		</dict>
		<key>683D3E592DEFAE8C00C71907</key>
		<dict>
			<key>isa</key>
			<string>PBXFileReference</string>
			<key>lastKnownFileType</key>
			<string>text.xcconfig</string>
			<key>path</key>
			<string>BaseConfig.xcconfig</string>
			<key>sourceTree</key>
			<string>&lt;group&gt;</string>
		</dict>
		<key>6840BDD62DEFA29A00AE2B5D</key>
		<dict>
			<key>children</key>
			<array>
				<string>6840BE002DEFA31B00AE2B5D</string>
				<string>682E00452DEFA4E2003F1F36</string>
				<string>6840BDE12DEFA29A00AE2B5D</string>
				<string>6840BDE02DEFA29A00AE2B5D</string>
				<string>682E00442DEFA4D0003F1F36</string>
			</array>
			<key>isa</key>
			<string>PBXGroup</string>
			<key>sourceTree</key>
			<string>&lt;group&gt;</string>
		</dict>
		<key>6840BDD72DEFA29A00AE2B5D</key>
		<dict>
			<key>attributes</key>
			<dict>
				<key>BuildIndependentTargetsInParallel</key>
				<string>1</string>
				<key>LastSwiftUpdateCheck</key>
				<string>1700</string>
				<key>LastUpgradeCheck</key>
				<string>1700</string>
				<key>TargetAttributes</key>
				<dict>
					<key>683D3DBB2DEFAD9F00C71907</key>
					<dict>
						<key>CreatedOnToolsVersion</key>
						<string>17.0</string>
					</dict>
					<key>6840BDDE2DEFA29A00AE2B5D</key>
					<dict>
						<key>CreatedOnToolsVersion</key>
						<string>17.0</string>
					</dict>
				</dict>
			</dict>
			<key>buildConfigurationList</key>
			<string>6840BDDA2DEFA29A00AE2B5D</string>
			<key>developmentRegion</key>
			<string>en</string>
			<key>hasScannedForEncodings</key>
			<string>0</string>
			<key>isa</key>
			<string>PBXProject</string>
			<key>knownRegions</key>
			<array>
				<string>en</string>
				<string>Base</string>
			</array>
			<key>mainGroup</key>
			<string>6840BDD62DEFA29A00AE2B5D</string>
			<key>minimizedProjectReferenceProxies</key>
			<string>1</string>
			<key>preferredProjectObjectVersion</key>
			<string>77</string>
			<key>productRefGroup</key>
			<string>6840BDE02DEFA29A00AE2B5D</string>
			<key>projectDirPath</key>
			<string></string>
			<key>projectRoot</key>
			<string></string>
			<key>targets</key>
			<array>
				<string>683D3DBB2DEFAD9F00C71907</string>
				<string>6840BDDE2DEFA29A00AE2B5D</string>
				<string>683D3DBF2DEFADA800C71907</string>
				<string>683D3DCD2DEFADA900C71907</string>
				<string>683D3DDB2DEFADA900C71907</string>
				<string>683D3DE92DEFADA900C71907</string>
				<string>683D3DF72DEFADA900C71907</string>
				<string>683D3E052DEFADAA00C71907</string>
				<string>683D3E132DEFADAC00C71907</string>
				<string>683D3E212DEFADAC00C71907</string>
				<string>683D3E2F2DEFADAC00C71907</string>
				<string>683D3E3D2DEFADAC00C71907</string>
				<string>683D3E4B2DEFADAC00C71907</string>
				<string>689A0BF42DFCD03100844A09</string>
				<string>689A0C042DFCD04300844A09</string>
				<string>689A0C142DFCD04800844A09</string>
				<string>689A0C242DFCD05100844A09</string>
			</array>
		</dict>
		<key>6840BDDA2DEFA29A00AE2B5D</key>
		<dict>
			<key>buildConfigurations</key>
			<array>
				<string>6840BDFA2DEFA29C00AE2B5D</string>
				<string>6840BDFB2DEFA29C00AE2B5D</string>
			</array>
			<key>defaultConfigurationIsVisible</key>
			<string>0</string>
			<key>defaultConfigurationName</key>
			<string>Release</string>
			<key>isa</key>
			<string>XCConfigurationList</string>
		</dict>
		<key>6840BDE02DEFA29A00AE2B5D</key>
		<dict>
			<key>children</key>
			<array>
				<string>6840BDDF2DEFA29A00AE2B5D</string>
				<string>683D3DCB2DEFADA800C71907</string>
				<string>683D3DD92DEFADA900C71907</string>
				<string>683D3DE72DEFADA900C71907</string>
				<string>683D3DF52DEFADA900C71907</string>
				<string>683D3E032DEFADA900C71907</string>
				<string>683D3E112DEFADAA00C71907</string>
				<string>683D3E1F2DEFADAC00C71907</string>
				<string>683D3E2D2DEFADAC00C71907</string>
				<string>683D3E3B2DEFADAC00C71907</string>
				<string>683D3E492DEFADAC00C71907</string>
				<string>683D3E572DEFADAC00C71907</string>
				<string>689A0C012DFCD03100844A09</string>
				<string>689A0C112DFCD04300844A09</string>
				<string>689A0C212DFCD04800844A09</string>
				<string>689A0C312DFCD05100844A09</string>
			</array>
			<key>isa</key>
			<string>PBXGroup</string>
			<key>name</key>
			<string>Products</string>
			<key>sourceTree</key>
			<string>&lt;group&gt;</string>
		</dict>
		<key>6840BDFA2DEFA29C00AE2B5D</key>
		<dict>
			<key>buildSettings</key>
			<dict>
				<key>ALWAYS_SEARCH_USER_PATHS</key>
				<string>NO</string>
				<key>ASSETCATALOG_COMPILER_GENERATE_SWIFT_ASSET_SYMBOL_EXTENSIONS</key>
				<string>YES</string>
				<key>CLANG_ANALYZER_NONNULL</key>
				<string>YES</string>
				<key>CLANG_ANALYZER_NUMBER_OBJECT_CONVERSION</key>
				<string>YES_AGGRESSIVE</string>
				<key>CLANG_CXX_LANGUAGE_STANDARD</key>
				<string>gnu++20</string>
				<key>CLANG_ENABLE_MODULES</key>
				<string>YES</string>
				<key>CLANG_ENABLE_OBJC_ARC</key>
				<string>YES</string>
				<key>CLANG_ENABLE_OBJC_WEAK</key>
				<string>YES</string>
				<key>CLANG_WARN_BLOCK_CAPTURE_AUTORELEASING</key>
				<string>YES</string>
				<key>CLANG_WARN_BOOL_CONVERSION</key>
				<string>YES</string>
				<key>CLANG_WARN_COMMA</key>
				<string>YES</string>
				<key>CLANG_WARN_CONSTANT_CONVERSION</key>
				<string>YES</string>
				<key>CLANG_WARN_DEPRECATED_OBJC_IMPLEMENTATIONS</key>
				<string>YES</string>
				<key>CLANG_WARN_DIRECT_OBJC_ISA_USAGE</key>
				<string>YES_ERROR</string>
				<key>CLANG_WARN_DOCUMENTATION_COMMENTS</key>
				<string>YES</string>
				<key>CLANG_WARN_EMPTY_BODY</key>
				<string>YES</string>
				<key>CLANG_WARN_ENUM_CONVERSION</key>
				<string>YES</string>
				<key>CLANG_WARN_INFINITE_RECURSION</key>
				<string>YES</string>
				<key>CLANG_WARN_INT_CONVERSION</key>
				<string>YES</string>
				<key>CLANG_WARN_NON_LITERAL_NULL_CONVERSION</key>
				<string>YES</string>
				<key>CLANG_WARN_OBJC_IMPLICIT_RETAIN_SELF</key>
				<string>YES</string>
				<key>CLANG_WARN_OBJC_LITERAL_CONVERSION</key>
				<string>YES</string>
				<key>CLANG_WARN_OBJC_ROOT_CLASS</key>
				<string>YES_ERROR</string>
				<key>CLANG_WARN_QUOTED_INCLUDE_IN_FRAMEWORK_HEADER</key>
				<string>YES</string>
				<key>CLANG_WARN_RANGE_LOOP_ANALYSIS</key>
				<string>YES</string>
				<key>CLANG_WARN_STRICT_PROTOTYPES</key>
				<string>YES</string>
				<key>CLANG_WARN_SUSPICIOUS_MOVE</key>
				<string>YES</string>
				<key>CLANG_WARN_UNGUARDED_AVAILABILITY</key>
				<string>YES_AGGRESSIVE</string>
				<key>CLANG_WARN_UNREACHABLE_CODE</key>
				<string>YES</string>
				<key>CLANG_WARN__DUPLICATE_METHOD_MATCH</key>
				<string>YES</string>
				<key>COPY_PHASE_STRIP</key>
				<string>NO</string>
				<key>DEBUG_INFORMATION_FORMAT</key>
				<string>dwarf</string>
				<key>ENABLE_STRICT_OBJC_MSGSEND</key>
				<string>YES</string>
				<key>ENABLE_TESTABILITY</key>
				<string>YES</string>
				<key>ENABLE_USER_SCRIPT_SANDBOXING</key>
				<string>YES</string>
				<key>GCC_C_LANGUAGE_STANDARD</key>
				<string>gnu17</string>
				<key>GCC_DYNAMIC_NO_PIC</key>
				<string>NO</string>
				<key>GCC_NO_COMMON_BLOCKS</key>
				<string>YES</string>
				<key>GCC_OPTIMIZATION_LEVEL</key>
				<string>0</string>
				<key>GCC_PREPROCESSOR_DEFINITIONS</key>
				<array>
					<string>DEBUG=1</string>
					<string>$(inherited)</string>
				</array>
				<key>GCC_WARN_64_TO_32_BIT_CONVERSION</key>
				<string>YES</string>
				<key>GCC_WARN_ABOUT_RETURN_TYPE</key>
				<string>YES_ERROR</string>
				<key>GCC_WARN_UNDECLARED_SELECTOR</key>
				<string>YES</string>
				<key>GCC_WARN_UNINITIALIZED_AUTOS</key>
				<string>YES_AGGRESSIVE</string>
				<key>GCC_WARN_UNUSED_FUNCTION</key>
				<string>YES</string>
				<key>GCC_WARN_UNUSED_VARIABLE</key>
				<string>YES</string>
				<key>LOCALIZATION_PREFERS_STRING_CATALOGS</key>
				<string>YES</string>
				<key>MTL_ENABLE_DEBUG_INFO</key>
				<string>INCLUDE_SOURCE</string>
				<key>MTL_FAST_MATH</key>
				<string>YES</string>
				<key>ONLY_ACTIVE_ARCH</key>
				<string>YES</string>
				<key>SDKROOT</key>
				<string>xros</string>
				<key>SWIFT_ACTIVE_COMPILATION_CONDITIONS</key>
				<string>DEBUG $(inherited)</string>
				<key>SWIFT_OPTIMIZATION_LEVEL</key>
				<string>-Onone</string>
				<key>XROS_DEPLOYMENT_TARGET</key>
				<string>26.0</string>
			</dict>
			<key>isa</key>
			<string>XCBuildConfiguration</string>
			<key>name</key>
			<string>Debug</string>
		</dict>
		<key>6840BDFB2DEFA29C00AE2B5D</key>
		<dict>
			<key>buildSettings</key>
			<dict>
				<key>ALWAYS_SEARCH_USER_PATHS</key>
				<string>NO</string>
				<key>ASSETCATALOG_COMPILER_GENERATE_SWIFT_ASSET_SYMBOL_EXTENSIONS</key>
				<string>YES</string>
				<key>CLANG_ANALYZER_NONNULL</key>
				<string>YES</string>
				<key>CLANG_ANALYZER_NUMBER_OBJECT_CONVERSION</key>
				<string>YES_AGGRESSIVE</string>
				<key>CLANG_CXX_LANGUAGE_STANDARD</key>
				<string>gnu++20</string>
				<key>CLANG_ENABLE_MODULES</key>
				<string>YES</string>
				<key>CLANG_ENABLE_OBJC_ARC</key>
				<string>YES</string>
				<key>CLANG_ENABLE_OBJC_WEAK</key>
				<string>YES</string>
				<key>CLANG_WARN_BLOCK_CAPTURE_AUTORELEASING</key>
				<string>YES</string>
				<key>CLANG_WARN_BOOL_CONVERSION</key>
				<string>YES</string>
				<key>CLANG_WARN_COMMA</key>
				<string>YES</string>
				<key>CLANG_WARN_CONSTANT_CONVERSION</key>
				<string>YES</string>
				<key>CLANG_WARN_DEPRECATED_OBJC_IMPLEMENTATIONS</key>
				<string>YES</string>
				<key>CLANG_WARN_DIRECT_OBJC_ISA_USAGE</key>
				<string>YES_ERROR</string>
				<key>CLANG_WARN_DOCUMENTATION_COMMENTS</key>
				<string>YES</string>
				<key>CLANG_WARN_EMPTY_BODY</key>
				<string>YES</string>
				<key>CLANG_WARN_ENUM_CONVERSION</key>
				<string>YES</string>
				<key>CLANG_WARN_INFINITE_RECURSION</key>
				<string>YES</string>
				<key>CLANG_WARN_INT_CONVERSION</key>
				<string>YES</string>
				<key>CLANG_WARN_NON_LITERAL_NULL_CONVERSION</key>
				<string>YES</string>
				<key>CLANG_WARN_OBJC_IMPLICIT_RETAIN_SELF</key>
				<string>YES</string>
				<key>CLANG_WARN_OBJC_LITERAL_CONVERSION</key>
				<string>YES</string>
				<key>CLANG_WARN_OBJC_ROOT_CLASS</key>
				<string>YES_ERROR</string>
				<key>CLANG_WARN_QUOTED_INCLUDE_IN_FRAMEWORK_HEADER</key>
				<string>YES</string>
				<key>CLANG_WARN_RANGE_LOOP_ANALYSIS</key>
				<string>YES</string>
				<key>CLANG_WARN_STRICT_PROTOTYPES</key>
				<string>YES</string>
				<key>CLANG_WARN_SUSPICIOUS_MOVE</key>
				<string>YES</string>
				<key>CLANG_WARN_UNGUARDED_AVAILABILITY</key>
				<string>YES_AGGRESSIVE</string>
				<key>CLANG_WARN_UNREACHABLE_CODE</key>
				<string>YES</string>
				<key>CLANG_WARN__DUPLICATE_METHOD_MATCH</key>
				<string>YES</string>
				<key>COPY_PHASE_STRIP</key>
				<string>NO</string>
				<key>DEBUG_INFORMATION_FORMAT</key>
				<string>dwarf-with-dsym</string>
				<key>ENABLE_NS_ASSERTIONS</key>
				<string>NO</string>
				<key>ENABLE_STRICT_OBJC_MSGSEND</key>
				<string>YES</string>
				<key>ENABLE_USER_SCRIPT_SANDBOXING</key>
				<string>YES</string>
				<key>GCC_C_LANGUAGE_STANDARD</key>
				<string>gnu17</string>
				<key>GCC_NO_COMMON_BLOCKS</key>
				<string>YES</string>
				<key>GCC_WARN_64_TO_32_BIT_CONVERSION</key>
				<string>YES</string>
				<key>GCC_WARN_ABOUT_RETURN_TYPE</key>
				<string>YES_ERROR</string>
				<key>GCC_WARN_UNDECLARED_SELECTOR</key>
				<string>YES</string>
				<key>GCC_WARN_UNINITIALIZED_AUTOS</key>
				<string>YES_AGGRESSIVE</string>
				<key>GCC_WARN_UNUSED_FUNCTION</key>
				<string>YES</string>
				<key>GCC_WARN_UNUSED_VARIABLE</key>
				<string>YES</string>
				<key>LOCALIZATION_PREFERS_STRING_CATALOGS</key>
				<string>YES</string>
				<key>MTL_ENABLE_DEBUG_INFO</key>
				<string>NO</string>
				<key>MTL_FAST_MATH</key>
				<string>YES</string>
				<key>SDKROOT</key>
				<string>xros</string>
				<key>SWIFT_COMPILATION_MODE</key>
				<string>wholemodule</string>
				<key>VALIDATE_PRODUCT</key>
				<string>YES</string>
				<key>XROS_DEPLOYMENT_TARGET</key>
				<string>26.0</string>
			</dict>
			<key>isa</key>
			<string>XCBuildConfiguration</string>
			<key>name</key>
			<string>Release</string>
		</dict>
		<key>689A0C342DFCD05C00844A09</key>
		<dict>
			<key>isa</key>
			<string>PBXFileReference</string>
			<key>lastKnownFileType</key>
			<string>text.xcconfig</string>
			<key>path</key>
			<string>macOS-MTL3-Full.xcconfig</string>
			<key>sourceTree</key>
			<string>&lt;group&gt;</string>
		</dict>
		<key>689A0C352DFCD05D00844A09</key>
		<dict>
			<key>isa</key>
			<string>PBXFileReference</string>
			<key>lastKnownFileType</key>
			<string>text.xcconfig</string>
			<key>path</key>
			<string>macOS-MTL3-Progressive.xcconfig</string>
			<key>sourceTree</key>
			<string>&lt;group&gt;</string>
		</dict>
		<key>689A0C362DFCD05E00844A09</key>
		<dict>
			<key>isa</key>
			<string>PBXFileReference</string>
			<key>lastKnownFileType</key>
			<string>text.xcconfig</string>
			<key>path</key>
			<string>macOS-MTL4-Progressive.xcconfig</string>
			<key>sourceTree</key>
			<string>&lt;group&gt;</string>
		</dict>
		<key>689A0C372DFCD0A700844A09</key>
		<dict>
			<key>isa</key>
			<string>PBXFileReference</string>
			<key>lastKnownFileType</key>
			<string>text.xcconfig</string>
			<key>path</key>
			<string>macOS-MTL4-Full.xcconfig</string>
			<key>sourceTree</key>
			<string>&lt;group&gt;</string>
		</dict>
		<key>7B378BC44A7303C4DB300704</key>
		<dict>
			<key>fileRef</key>
			<string>09E0E5A35EA80A75BF8DEF34</string>
			<key>isa</key>
			<string>PBXBuildFile</string>
		</dict>
		<key>936B9347374C41A420D4173A</key>
		<dict>
			<key>fileRef</key>
			<string>B20BB5AEE21EBAE281A03BA6</string>
			<key>isa</key>
			<string>PBXBuildFile</string>
		</dict>
		<key>AAE3D8A66F74A40C779623CA</key>
		<dict>
			<key>children</key>
			<array/>
			<key>isa</key>
			<string>PBXGroup</string>
			<key>name</key>
			<string>LLM</string>
		</dict>
		<key>ADDD8148CD98403B4261E68F</key>
		<dict>
			<key>isa</key>
			<string>PBXFileReference</string>
			<key>lastKnownFileType</key>
			<string>sourcecode.swift</string>
			<key>path</key>
			<string>Sources/VPViewerApp.swift</string>
			<key>sourceTree</key>
			<string>"&lt;group&gt;"</string>
		</dict>
		<key>B20BB5AEE21EBAE281A03BA6</key>
		<dict>
			<key>isa</key>
			<string>PBXFileReference</string>
			<key>lastKnownFileType</key>
			<string>sourcecode.swift</string>
			<key>path</key>
			<string>Sources/ModelAsset.swift</string>
			<key>sourceTree</key>
			<string>"&lt;group&gt;"</string>
		</dict>
		<key>B5618D4C73F5589C19DB2591</key>
		<dict>
			<key>isa</key>
			<string>PBXFileReference</string>
			<key>lastKnownFileType</key>
			<string>text.plist.xml</string>
			<key>path</key>
			<string>Info.plist</string>
			<key>sourceTree</key>
			<string>"&lt;group&gt;"</string>
		</dict>
		<key>B8920565B0880BE80B674A5E</key>
		<dict>
			<key>children</key>
			<array/>
			<key>isa</key>
			<string>PBXGroup</string>
			<key>name</key>
			<string>Views</string>
		</dict>
		<key>B89CC05BC31DEB51001326FF</key>
		<dict>
			<key>children</key>
			<array/>
			<key>isa</key>
			<string>PBXGroup</string>
			<key>name</key>
			<string>BLE</string>
		</dict>
		<key>C098F18DB41AA040B515CCF4</key>
		<dict>
			<key>isa</key>
			<string>PBXFileReference</string>
			<key>lastKnownFileType</key>
			<string>sourcecode.swift</string>
			<key>path</key>
			<string>Sources/EditBridge.swift</string>
			<key>sourceTree</key>
			<string>"&lt;group&gt;"</string>
		</dict>
		<key>CE48F0BFB0FEE3B01A00F29C</key>
		<dict>
			<key>children</key>
			<array/>
			<key>isa</key>
			<string>PBXGroup</string>
			<key>name</key>
			<string>Models</string>
		</dict>
		<key>DE784D00FBED83CC695F725A</key>
		<dict>
			<key>fileRef</key>
			<string>ADDD8148CD98403B4261E68F</string>
			<key>isa</key>
			<string>PBXBuildFile</string>
		</dict>
		<key>F1598DD1B9EAC56976D97F28</key>
		<dict>
			<key>fileRef</key>
			<string>36F6CC56774AF93349BE6198</string>
			<key>isa</key>
			<string>PBXBuildFile</string>
		</dict>
	</dict>
	<key>rootObject</key>
	<string>6840BDD72DEFA29A00AE2B5D</string>
</dict>
</plist>
